# This file is generated by running "yarn install" inside your project.
# Manual changes might be lost - proceed with caution!

__metadata:
  version: 8
  cacheKey: 10c0

"@types/tinycolor2@npm:^1.4.0":
  version: 1.4.6
  resolution: "@types/tinycolor2@npm:1.4.6"
  checksum: 10c0/922020c3326460e9d8502c8a98f80db69f06fd14e07fe5a48e8ffe66175762298a9bd51263f2a0c9a40632886a74975a3ff79396defcdbeac0dc176e3e5056e8
  languageName: node
  linkType: hard

"ansi-align@npm:^3.0.1":
  version: 3.0.1
  resolution: "ansi-align@npm:3.0.1"
  dependencies:
    string-width: "npm:^4.1.0"
  checksum: 10c0/ad8b755a253a1bc8234eb341e0cec68a857ab18bf97ba2bda529e86f6e30460416523e0ec58c32e5c21f0ca470d779503244892873a5895dbd0c39c788e82467
  languageName: node
  linkType: hard

"ansi-regex@npm:^5.0.1":
  version: 5.0.1
  resolution: "ansi-regex@npm:5.0.1"
  checksum: 10c0/9a64bb8627b434ba9327b60c027742e5d17ac69277960d041898596271d992d4d52ba7267a63ca10232e29f6107fc8a835f6ce8d719b88c5f8493f8254813737
  languageName: node
  linkType: hard

"ansi-regex@npm:^6.2.2":
  version: 6.2.2
  resolution: "ansi-regex@npm:6.2.2"
  checksum: 10c0/05d4acb1d2f59ab2cf4b794339c7b168890d44dda4bf0ce01152a8da0213aca207802f930442ce8cd22d7a92f44907664aac6508904e75e038fa944d2601b30f
  languageName: node
  linkType: hard

"ansi-styles@npm:^6.2.1":
  version: 6.2.3
  resolution: "ansi-styles@npm:6.2.3"
  checksum: 10c0/23b8a4ce14e18fb854693b95351e286b771d23d8844057ed2e7d083cd3e708376c3323707ec6a24365f7d7eda3ca00327fe04092e29e551499ec4c8b7bfac868
  languageName: node
  linkType: hard

"boxen@npm:^8.0.1":
  version: 8.0.1
  resolution: "boxen@npm:8.0.1"
  dependencies:
    ansi-align: "npm:^3.0.1"
    camelcase: "npm:^8.0.0"
    chalk: "npm:^5.3.0"
    cli-boxes: "npm:^3.0.0"
    string-width: "npm:^7.2.0"
    type-fest: "npm:^4.21.0"
    widest-line: "npm:^5.0.0"
    wrap-ansi: "npm:^9.0.0"
  checksum: 10c0/8c54f9797bf59eec0b44c9043d9cb5d5b2783dc673e4650235e43a5155c43334e78ec189fd410cf92056c1054aee3758279809deed115b49e68f1a1c6b3faa32
  languageName: node
  linkType: hard

"camelcase@npm:^8.0.0":
  version: 8.0.0
  resolution: "camelcase@npm:8.0.0"
  checksum: 10c0/56c5fe072f0523c9908cdaac21d4a3b3fb0f608fb2e9ba90a60e792b95dd3bb3d1f3523873ab17d86d146e94171305f73ef619e2f538bd759675bc4a14b4bff3
  languageName: node
  linkType: hard

"chalk@npm:^5.3.0, chalk@npm:^5.6.2":
  version: 5.6.2
  resolution: "chalk@npm:5.6.2"
  checksum: 10c0/99a4b0f0e7991796b1e7e3f52dceb9137cae2a9dfc8fc0784a550dc4c558e15ab32ed70b14b21b52beb2679b4892b41a0aa44249bcb996f01e125d58477c6976
  languageName: node
  linkType: hard

"clawvis-cli@workspace:.":
  version: 0.0.0-use.local
  resolution: "clawvis-cli@workspace:."
  dependencies:
    boxen: "npm:^8.0.1"
    chalk: "npm:^5.6.2"
    commander: "npm:^14.0.3"
    figlet: "npm:^1.11.0"
    gradient-string: "npm:^3.0.0"
  bin:
    clawvis: ./cli.mjs
  languageName: unknown
  linkType: soft

"cli-boxes@npm:^3.0.0":
  version: 3.0.0
  resolution: "cli-boxes@npm:3.0.0"
  checksum: 10c0/4db3e8fbfaf1aac4fb3a6cbe5a2d3fa048bee741a45371b906439b9ffc821c6e626b0f108bdcd3ddf126a4a319409aedcf39a0730573ff050fdd7b6731e99fb9
  languageName: node
  linkType: hard

"commander@npm:^14.0.0, commander@npm:^14.0.3":
  version: 14.0.3
  resolution: "commander@npm:14.0.3"
  checksum: 10c0/755652564bbf56ff2ff083313912b326450d3f8d8c85f4b71416539c9a05c3c67dbd206821ca72635bf6b160e2afdefcb458e86b317827d5cb333b69ce7f1a24
  languageName: node
  linkType: hard

"emoji-regex@npm:^10.3.0":
  version: 10.6.0
  resolution: "emoji-regex@npm:10.6.0"
  checksum: 10c0/1e4aa097bb007301c3b4b1913879ae27327fdc48e93eeefefe3b87e495eb33c5af155300be951b4349ff6ac084f4403dc9eff970acba7c1c572d89396a9a32d7
  languageName: node
  linkType: hard

"emoji-regex@npm:^8.0.0":
  version: 8.0.0
  resolution: "emoji-regex@npm:8.0.0"
  checksum: 10c0/b6053ad39951c4cf338f9092d7bfba448cdfd46fe6a2a034700b149ac9ffbc137e361cbd3c442297f86bed2e5f7576c1b54cc0a6bf8ef5106cc62f496af35010
  languageName: node
  linkType: hard

"figlet@npm:^1.11.0":
  version: 1.11.0
  resolution: "figlet@npm:1.11.0"
  dependencies:
    commander: "npm:^14.0.0"
  bin:
    figlet: bin/index.js
  checksum: 10c0/8db7abf55e3e00073b42e71cdc8f75823d613dbf2924513df7de4b05a668f44ef69ebb6c98494dcbae01b9af0b84bc500611fe14d054c67dd070033ff0db58b8
  languageName: node
  linkType: hard

"get-east-asian-width@npm:^1.0.0":
  version: 1.5.0
  resolution: "get-east-asian-width@npm:1.5.0"
  checksum: 10c0/bff8bbc8d81790b9477f7aa55b1806b9f082a8dc1359fff7bd8b96939622c86b729685afc2bfeb22def1fc6ef1e5228e4d87dd4e6da60bc43a5edfb03c4ee167
  languageName: node
  linkType: hard

"gradient-string@npm:^3.0.0":
  version: 3.0.0
  resolution: "gradient-string@npm:3.0.0"
  dependencies:
    chalk: "npm:^5.3.0"
    tinygradient: "npm:^1.1.5"
  checksum: 10c0/97d070cb46ac53eaeb1c54548d3a2c177d1fc722a3c2a89fb15fdcdaf6084c20df1d61382047642adf792cb9bcc8f86dee1acff7ce49c95b5c50474c38309bc5
  languageName: node
  linkType: hard

"is-fullwidth-code-point@npm:^3.0.0":
  version: 3.0.0
  resolution: "is-fullwidth-code-point@npm:3.0.0"
  checksum: 10c0/bb11d825e049f38e04c06373a8d72782eee0205bda9d908cc550ccb3c59b99d750ff9537982e01733c1c94a58e35400661f57042158ff5e8f3e90cf936daf0fc
  languageName: node
  linkType: hard

"string-width@npm:^4.1.0":
  version: 4.2.3
  resolution: "string-width@npm:4.2.3"
  dependencies:
    emoji-regex: "npm:^8.0.0"
    is-fullwidth-code-point: "npm:^3.0.0"
    strip-ansi: "npm:^6.0.1"
  checksum: 10c0/1e525e92e5eae0afd7454086eed9c818ee84374bb80328fc41217ae72ff5f065ef1c9d7f72da41de40c75fa8bb3dee63d92373fd492c84260a552c636392a47b
  languageName: node
  linkType: hard

"string-width@npm:^7.0.0, string-width@npm:^7.2.0":
  version: 7.2.0
  resolution: "string-width@npm:7.2.0"
  dependencies:
    emoji-regex: "npm:^10.3.0"
    get-east-asian-width: "npm:^1.0.0"
    strip-ansi: "npm:^7.1.0"
  checksum: 10c0/eb0430dd43f3199c7a46dcbf7a0b34539c76fe3aa62763d0b0655acdcbdf360b3f66f3d58ca25ba0205f42ea3491fa00f09426d3b7d3040e506878fc7664c9b9
  languageName: node
  linkType: hard

"strip-ansi@npm:^6.0.1":
  version: 6.0.1
  resolution: "strip-ansi@npm:6.0.1"
  dependencies:
    ansi-regex: "npm:^5.0.1"
  checksum: 10c0/1ae5f212a126fe5b167707f716942490e3933085a5ff6c008ab97ab2f272c8025d3aa218b7bd6ab25729ca20cc81cddb252102f8751e13482a5199e873680952
  languageName: node
  linkType: hard

"strip-ansi@npm:^7.1.0":
  version: 7.2.0
  resolution: "strip-ansi@npm:7.2.0"
  dependencies:
    ansi-regex: "npm:^6.2.2"
  checksum: 10c0/544d13b7582f8254811ea97db202f519e189e59d35740c46095897e254e4f1aa9fe1524a83ad6bc5ad67d4dd6c0281d2e0219ed62b880a6238a16a17d375f221
  languageName: node
  linkType: hard

"tinycolor2@npm:^1.0.0":
  version: 1.6.0
  resolution: "tinycolor2@npm:1.6.0"
  checksum: 10c0/9aa79a36ba2c2a87cb221453465cabacd04b9e35f9694373e846fdc78b1c768110f81e581ea41440106c0f24d9a023891d0887e8075885e790ac40eb0e74a5c1
  languageName: node
  linkType: hard

"tinygradient@npm:^1.1.5":
  version: 1.1.5
  resolution: "tinygradient@npm:1.1.5"
  dependencies:
    "@types/tinycolor2": "npm:^1.4.0"
    tinycolor2: "npm:^1.0.0"
  checksum: 10c0/00503406e1a49822e58e90ddbda7e9db332b6a237fab5f413be9644eb29ca14f6a30e7961fc61328407fa6159437908c11eeda4f1d56e62586f9a48267d1094d
  languageName: node
  linkType: hard

"type-fest@npm:^4.21.0":
  version: 4.41.0
  resolution: "type-fest@npm:4.41.0"
  checksum: 10c0/f5ca697797ed5e88d33ac8f1fec21921839871f808dc59345c9cf67345bfb958ce41bd821165dbf3ae591cedec2bf6fe8882098dfdd8dc54320b859711a2c1e4
  languageName: node
  linkType: hard

"widest-line@npm:^5.0.0":
  version: 5.0.0
  resolution: "widest-line@npm:5.0.0"
  dependencies:
    string-width: "npm:^7.0.0"
  checksum: 10c0/6bd6cca8cda502ef50e05353fd25de0df8c704ffc43ada7e0a9cf9a5d4f4e12520485d80e0b77cec8a21f6c3909042fcf732aa9281e5dbb98cc9384a138b2578
  languageName: node
  linkType: hard

"wrap-ansi@npm:^9.0.0":
  version: 9.0.2
  resolution: "wrap-ansi@npm:9.0.2"
  dependencies:
    ansi-styles: "npm:^6.2.1"
    string-width: "npm:^7.0.0"
    strip-ansi: "npm:^7.1.0"
  checksum: 10c0/3305839b9a0d6fb930cb63a52f34d3936013d8b0682ff3ec133c9826512620f213800ffa19ea22904876d5b7e9a3c1f40682f03597d986a4ca881fa7b033688c
  languageName: node
  linkType: hard
